
Microsoft Visual Studio Solution File, Format Version 12.00
# Visual Studio Version 17
VisualStudioVersion = 17.14.36705.20 d17.14
MinimumVisualStudioVersion = 10.0.40219.1
Project("{54A90642-561A-4BB1-A94E-469ADEE60C69}") = "jobapphelper", "JobAppHelper\jobapphelper.esproj", "{401AA336-EE2D-A4C3-D3A6-C2316E31E743}"
EndProject
Global
	GlobalSection(SolutionConfigurationPlatforms) = preSolution
		Debug|Any CPU = Debug|Any CPU
		Release|Any CPU = Release|Any CPU
	EndGlobalSection
	GlobalSection(ProjectConfigurationPlatforms) = postSolution
		{401AA336-EE2D-A4C3-D3A6-C2316E31E743}.Debug|Any CPU.ActiveCfg = Debug|Any CPU
		{401AA336-EE2D-A4C3-D3A6-C2316E31E743}.Debug|Any CPU.Build.0 = Debug|Any CPU
		{401AA336-EE2D-A4C3-D3A6-C2316E31E743}.Debug|Any CPU.Deploy.0 = Debug|Any CPU
		{401AA336-EE2D-A4C3-D3A6-C2316E31E743}.Release|Any CPU.ActiveCfg = Release|Any CPU
		{401AA336-EE2D-A4C3-D3A6-C2316E31E743}.Release|Any CPU.Build.0 = Release|Any CPU
		{401AA336-EE2D-A4C3-D3A6-C2316E31E743}.Release|Any CPU.Deploy.0 = Release|Any CPU
	EndGlobalSection
	GlobalSection(SolutionProperties) = preSolution
		HideSolutionNode = FALSE
	EndGlobalSection
	GlobalSection(ExtensibilityGlobals) = postSolution
		SolutionGuid = {4986DFC3-48A0-4A65-A27D-F5CD882E5402}
	EndGlobalSection
EndGlobal
